
Microsoft Visual Studio Solution File, Format Version 12.00
# Visual Studio Version 17
VisualStudioVersion = 17.4.33213.308
MinimumVisualStudioVersion = 10.0.40219.1
Project("{FAE04EC0-301F-11D3-BF4B-00C04F79EFBC}") = "LojaAuto33", "LojaAuto33\LojaAuto33.csproj", "{649875F8-BF2C-4EF0-A26F-1C77333F020E}"
EndProject
Global
	GlobalSection(SolutionConfigurationPlatforms) = preSolution
		Debug|Any CPU = Debug|Any CPU
		Release|Any CPU = Release|Any CPU
	EndGlobalSection
	GlobalSection(ProjectConfigurationPlatforms) = postSolution
		{649875F8-BF2C-4EF0-A26F-1C77333F020E}.Debug|Any CPU.ActiveCfg = Debug|Any CPU
		{649875F8-BF2C-4EF0-A26F-1C77333F020E}.Debug|Any CPU.Build.0 = Debug|Any CPU
		{649875F8-BF2C-4EF0-A26F-1C77333F020E}.Release|Any CPU.ActiveCfg = Release|Any CPU
		{649875F8-BF2C-4EF0-A26F-1C77333F020E}.Release|Any CPU.Build.0 = Release|Any CPU
	EndGlobalSection
	GlobalSection(SolutionProperties) = preSolution
		HideSolutionNode = FALSE
	EndGlobalSection
	GlobalSection(ExtensibilityGlobals) = postSolution
		SolutionGuid = {E2053F93-6DA1-4678-B6E4-3C88BCB66523}
	EndGlobalSection
EndGlobal
